
Microsoft Visual Studio Solution File, Format Version 12.00
# Visual Studio 14
VisualStudioVersion = 14.0.23107.0
MinimumVisualStudioVersion = 10.0.40219.1
Project("{FAE04EC0-301F-11D3-BF4B-00C04F79EFBC}") = "RemoveMailDuplicates", "RemoveMailDuplicates\RemoveMailDuplicates.csproj", "{EFFB6A99-4FF7-4D94-943B-FC7601E2F806}"
EndProject
Global
	GlobalSection(SolutionConfigurationPlatforms) = preSolution
		Debug|Any CPU = Debug|Any CPU
		Release|Any CPU = Release|Any CPU
	EndGlobalSection
	GlobalSection(ProjectConfigurationPlatforms) = postSolution
		{EFFB6A99-4FF7-4D94-943B-FC7601E2F806}.Debug|Any CPU.ActiveCfg = Debug|Any CPU
		{EFFB6A99-4FF7-4D94-943B-FC7601E2F806}.Debug|Any CPU.Build.0 = Debug|Any CPU
		{EFFB6A99-4FF7-4D94-943B-FC7601E2F806}.Release|Any CPU.ActiveCfg = Release|Any CPU
		{EFFB6A99-4FF7-4D94-943B-FC7601E2F806}.Release|Any CPU.Build.0 = Release|Any CPU
	EndGlobalSection
	GlobalSection(SolutionProperties) = preSolution
		HideSolutionNode = FALSE
	EndGlobalSection
EndGlobal
